
Microsoft Visual Studio Solution File, Format Version 12.00
# Visual Studio 15
VisualStudioVersion = 15.0.27004.2006
MinimumVisualStudioVersion = 10.0.40219.1
Project("{8BC9CEB8-8B4A-11D0-8D11-00A0C91BC942}") = "chap09ex2", "chap09ex2\chap09ex2.vcxproj", "{A5FF0A05-77E6-49CF-ACD9-2E40521E5DBD}"
EndProject
Global
	GlobalSection(SolutionConfigurationPlatforms) = preSolution
		Debug|x64 = Debug|x64
		Debug|x86 = Debug|x86
		Release|x64 = Release|x64
		Release|x86 = Release|x86
	EndGlobalSection
	GlobalSection(ProjectConfigurationPlatforms) = postSolution
		{A5FF0A05-77E6-49CF-ACD9-2E40521E5DBD}.Debug|x64.ActiveCfg = Debug|x64
		{A5FF0A05-77E6-49CF-ACD9-2E40521E5DBD}.Debug|x64.Build.0 = Debug|x64
		{A5FF0A05-77E6-49CF-ACD9-2E40521E5DBD}.Debug|x86.ActiveCfg = Debug|Win32
		{A5FF0A05-77E6-49CF-ACD9-2E40521E5DBD}.Debug|x86.Build.0 = Debug|Win32
		{A5FF0A05-77E6-49CF-ACD9-2E40521E5DBD}.Release|x64.ActiveCfg = Release|x64
		{A5FF0A05-77E6-49CF-ACD9-2E40521E5DBD}.Release|x64.Build.0 = Release|x64
		{A5FF0A05-77E6-49CF-ACD9-2E40521E5DBD}.Release|x86.ActiveCfg = Release|Win32
		{A5FF0A05-77E6-49CF-ACD9-2E40521E5DBD}.Release|x86.Build.0 = Release|Win32
	EndGlobalSection
	GlobalSection(SolutionProperties) = preSolution
		HideSolutionNode = FALSE
	EndGlobalSection
	GlobalSection(ExtensibilityGlobals) = postSolution
		SolutionGuid = {0AC5F366-90E8-423B-A286-DFE3E3D1DC01}
	EndGlobalSection
EndGlobal
